PODS:
  - AeroGearHttp (0.4.1)
  - AeroGearOAuth2 (0.4.0):
    - AeroGearHttp
  - AFNetworking (2.5.4):
    - AFNetworking/NSURLConnection (= 2.5.4)
    - AFNetworking/NSURLSession (= 2.5.4)
    - AFNetworking/Reachability (= 2.5.4)
    - AFNetworking/Security (= 2.5.4)
    - AFNetworking/Serialization (= 2.5.4)
    - AFNetworking/UIKit (= 2.5.4)
  - AFNetworking/NSURLConnection (2.5.4):
    - AFNetworking/Reachability
    - AFNetworking/Security
    - AFNetworking/Serialization
  - AFNetworking/NSURLSession (2.5.4):
    - AFNetworking/Reachability
    - AFNetworking/Security
    - AFNetworking/Serialization
  - AFNetworking/Reachability (2.5.4)
  - AFNetworking/Security (2.5.4)
  - AFNetworking/Serialization (2.5.4)
  - AFNetworking/UIKit (2.5.4):
    - AFNetworking/NSURLConnection
    - AFNetworking/NSURLSession

DEPENDENCIES:
  - AeroGearOAuth2
  - AFNetworking

SPEC CHECKSUMS:
  AeroGearHttp: 4c0fe1065817199bc4b64b17deec68e9d7c341fe
  AeroGearOAuth2: a79a1ded574f54252f6e218f92fcb54e7df1f409
  AFNetworking: 05edc0ac4c4c8cf57bcf4b84be5b0744b6d8e71e

COCOAPODS: 0.38.2
